
Microsoft Visual Studio Solution File, Format Version 12.00
# Visual Studio Version 17
VisualStudioVersion = 17.1.32228.430
MinimumVisualStudioVersion = 10.0.40219.1
Project("{9A19103F-16F7-4668-BE54-9A1E7A4F7556}") = "LP304-Takt", "LP304-Takt\LP304-Takt.csproj", "{75ECC346-D359-4F49-9328-AD1E42FC7382}"
EndProject
Project("{E24C65DC-7377-472B-9ABA-BC803B73C61A}") = "LP304-ClientApp", "LP304-ClientApp\", "{93747981-715D-458D-A51D-E24698164F61}"
	ProjectSection(WebsiteProperties) = preProject
		TargetFrameworkMoniker = ".NETFramework,Version%3Dv4.8"
		Debug.AspNetCompiler.VirtualPath = "/localhost_62858"
		Debug.AspNetCompiler.PhysicalPath = "LP304-ClientApp\"
		Debug.AspNetCompiler.TargetPath = "PrecompiledWeb\localhost_62858\"
		Debug.AspNetCompiler.Updateable = "true"
		Debug.AspNetCompiler.ForceOverwrite = "true"
		Debug.AspNetCompiler.FixedNames = "false"
		Debug.AspNetCompiler.Debug = "True"
		Release.AspNetCompiler.VirtualPath = "/localhost_62858"
		Release.AspNetCompiler.PhysicalPath = "LP304-ClientApp\"
		Release.AspNetCompiler.TargetPath = "PrecompiledWeb\localhost_62858\"
		Release.AspNetCompiler.Updateable = "true"
		Release.AspNetCompiler.ForceOverwrite = "true"
		Release.AspNetCompiler.FixedNames = "false"
		Release.AspNetCompiler.Debug = "False"
		VWDPort = "62858"
		SlnRelativePath = "LP304-ClientApp\"
	EndProjectSection
EndProject
Project("{2150E333-8FDC-42A3-9474-1A3956D46DE8}") = "Solution Items", "Solution Items", "{BF4D1C96-54BF-44FA-941C-6EB2AB00602B}"
	ProjectSection(SolutionItems) = preProject
		.editorconfig = .editorconfig
	EndProjectSection
EndProject
Global
	GlobalSection(SolutionConfigurationPlatforms) = preSolution
		Debug|Any CPU = Debug|Any CPU
		Release|Any CPU = Release|Any CPU
	EndGlobalSection
	GlobalSection(ProjectConfigurationPlatforms) = postSolution
		{75ECC346-D359-4F49-9328-AD1E42FC7382}.Debug|Any CPU.ActiveCfg = Debug|Any CPU
		{75ECC346-D359-4F49-9328-AD1E42FC7382}.Debug|Any CPU.Build.0 = Debug|Any CPU
		{75ECC346-D359-4F49-9328-AD1E42FC7382}.Release|Any CPU.ActiveCfg = Release|Any CPU
		{75ECC346-D359-4F49-9328-AD1E42FC7382}.Release|Any CPU.Build.0 = Release|Any CPU
		{93747981-715D-458D-A51D-E24698164F61}.Debug|Any CPU.ActiveCfg = Debug|Any CPU
		{93747981-715D-458D-A51D-E24698164F61}.Debug|Any CPU.Build.0 = Debug|Any CPU
		{93747981-715D-458D-A51D-E24698164F61}.Release|Any CPU.ActiveCfg = Debug|Any CPU
		{93747981-715D-458D-A51D-E24698164F61}.Release|Any CPU.Build.0 = Debug|Any CPU
	EndGlobalSection
	GlobalSection(SolutionProperties) = preSolution
		HideSolutionNode = FALSE
	EndGlobalSection
	GlobalSection(ExtensibilityGlobals) = postSolution
		SolutionGuid = {6CC4E17D-0690-4988-8439-2AA3B744A8C2}
	EndGlobalSection
EndGlobal
